
Microsoft Visual Studio Solution File, Format Version 12.00
# Visual Studio Version 17
VisualStudioVersion = 17.0.31912.275
MinimumVisualStudioVersion = 10.0.40219.1
Project("{FAE04EC0-301F-11D3-BF4B-00C04F79EFBC}") = "TestProject1", "TestProject1\TestProject1.csproj", "{B1C287A2-DB56-4917-8B14-B31347D0E418}"
EndProject
Global
	GlobalSection(SolutionConfigurationPlatforms) = preSolution
		Debug|Any CPU = Debug|Any CPU
		Release|Any CPU = Release|Any CPU
	EndGlobalSection
	GlobalSection(ProjectConfigurationPlatforms) = postSolution
		{B1C287A2-DB56-4917-8B14-B31347D0E418}.Debug|Any CPU.ActiveCfg = Debug|Any CPU
		{B1C287A2-DB56-4917-8B14-B31347D0E418}.Debug|Any CPU.Build.0 = Debug|Any CPU
		{B1C287A2-DB56-4917-8B14-B31347D0E418}.Release|Any CPU.ActiveCfg = Release|Any CPU
		{B1C287A2-DB56-4917-8B14-B31347D0E418}.Release|Any CPU.Build.0 = Release|Any CPU
	EndGlobalSection
	GlobalSection(SolutionProperties) = preSolution
		HideSolutionNode = FALSE
	EndGlobalSection
	GlobalSection(ExtensibilityGlobals) = postSolution
		SolutionGuid = {41E0D3F9-9949-4EE2-A4DC-3ED214FD1039}
	EndGlobalSection
EndGlobal
